
Microsoft Visual Studio Solution File, Format Version 12.00
# Visual Studio Version 16
VisualStudioVersion = 16.0.30611.23
MinimumVisualStudioVersion = 10.0.40219.1
Project("{9A19103F-16F7-4668-BE54-9A1E7A4F7556}") = "Quicksilver.Domain", "Quicksilver.Domain\Quicksilver.Domain.csproj", "{ABDF1358-BA64-4B2F-8A8B-8D82B4AA84BF}"
EndProject
Project("{9A19103F-16F7-4668-BE54-9A1E7A4F7556}") = "Quicksilver.Application", "Quicksilver.Application\Quicksilver.Application.csproj", "{BE92DC8E-2DD6-4072-A59E-DB77390A8CDD}"
EndProject
Project("{FAE04EC0-301F-11D3-BF4B-00C04F79EFBC}") = "Quicksilver.Tests", "Quicksilver.Tests\Quicksilver.Tests.csproj", "{2937C1EB-6AAC-44BC-B36C-F389C44EA29D}"
EndProject
Global
	GlobalSection(SolutionConfigurationPlatforms) = preSolution
		Debug|Any CPU = Debug|Any CPU
		Release|Any CPU = Release|Any CPU
	EndGlobalSection
	GlobalSection(ProjectConfigurationPlatforms) = postSolution
		{ABDF1358-BA64-4B2F-8A8B-8D82B4AA84BF}.Debug|Any CPU.ActiveCfg = Debug|Any CPU
		{ABDF1358-BA64-4B2F-8A8B-8D82B4AA84BF}.Debug|Any CPU.Build.0 = Debug|Any CPU
		{ABDF1358-BA64-4B2F-8A8B-8D82B4AA84BF}.Release|Any CPU.ActiveCfg = Release|Any CPU
		{ABDF1358-BA64-4B2F-8A8B-8D82B4AA84BF}.Release|Any CPU.Build.0 = Release|Any CPU
		{BE92DC8E-2DD6-4072-A59E-DB77390A8CDD}.Debug|Any CPU.ActiveCfg = Debug|Any CPU
		{BE92DC8E-2DD6-4072-A59E-DB77390A8CDD}.Debug|Any CPU.Build.0 = Debug|Any CPU
		{BE92DC8E-2DD6-4072-A59E-DB77390A8CDD}.Release|Any CPU.ActiveCfg = Release|Any CPU
		{BE92DC8E-2DD6-4072-A59E-DB77390A8CDD}.Release|Any CPU.Build.0 = Release|Any CPU
		{2937C1EB-6AAC-44BC-B36C-F389C44EA29D}.Debug|Any CPU.ActiveCfg = Debug|Any CPU
		{2937C1EB-6AAC-44BC-B36C-F389C44EA29D}.Debug|Any CPU.Build.0 = Debug|Any CPU
		{2937C1EB-6AAC-44BC-B36C-F389C44EA29D}.Release|Any CPU.ActiveCfg = Release|Any CPU
		{2937C1EB-6AAC-44BC-B36C-F389C44EA29D}.Release|Any CPU.Build.0 = Release|Any CPU
	EndGlobalSection
	GlobalSection(SolutionProperties) = preSolution
		HideSolutionNode = FALSE
	EndGlobalSection
	GlobalSection(ExtensibilityGlobals) = postSolution
		SolutionGuid = {2CA184A6-A6D0-4A44-A177-0DC9F821A6D0}
	EndGlobalSection
EndGlobal
